
Microsoft Visual Studio Solution File, Format Version 12.00
# Visual Studio Version 17
VisualStudioVersion = 17.3.32804.467
MinimumVisualStudioVersion = 10.0.40219.1
Project("{FAE04EC0-301F-11D3-BF4B-00C04F79EFBC}") = "SinavNotHesaplama", "SinavNotHesaplama\SinavNotHesaplama.csproj", "{8F5D7BC1-EA9C-4293-875E-1EBD86F97F30}"
EndProject
Global
	GlobalSection(SolutionConfigurationPlatforms) = preSolution
		Debug|Any CPU = Debug|Any CPU
		Release|Any CPU = Release|Any CPU
	EndGlobalSection
	GlobalSection(ProjectConfigurationPlatforms) = postSolution
		{8F5D7BC1-EA9C-4293-875E-1EBD86F97F30}.Debug|Any CPU.ActiveCfg = Debug|Any CPU
		{8F5D7BC1-EA9C-4293-875E-1EBD86F97F30}.Debug|Any CPU.Build.0 = Debug|Any CPU
		{8F5D7BC1-EA9C-4293-875E-1EBD86F97F30}.Release|Any CPU.ActiveCfg = Release|Any CPU
		{8F5D7BC1-EA9C-4293-875E-1EBD86F97F30}.Release|Any CPU.Build.0 = Release|Any CPU
	EndGlobalSection
	GlobalSection(SolutionProperties) = preSolution
		HideSolutionNode = FALSE
	EndGlobalSection
	GlobalSection(ExtensibilityGlobals) = postSolution
		SolutionGuid = {E5709B90-9CEC-450A-BC6E-086A1D574E67}
	EndGlobalSection
EndGlobal
